
Microsoft Visual Studio Solution File, Format Version 12.00
# Visual Studio Version 17
VisualStudioVersion = 17.5.33502.453
MinimumVisualStudioVersion = 10.0.40219.1
Project("{FAE04EC0-301F-11D3-BF4B-00C04F79EFBC}") = "ATM Simulator", "ATM Simulator\ATM Simulator.csproj", "{D78A6B2C-D895-4EDD-963D-63F7E4B8663F}"
EndProject
Global
	GlobalSection(SolutionConfigurationPlatforms) = preSolution
		Debug|Any CPU = Debug|Any CPU
		Release|Any CPU = Release|Any CPU
	EndGlobalSection
	GlobalSection(ProjectConfigurationPlatforms) = postSolution
		{D78A6B2C-D895-4EDD-963D-63F7E4B8663F}.Debug|Any CPU.ActiveCfg = Debug|Any CPU
		{D78A6B2C-D895-4EDD-963D-63F7E4B8663F}.Debug|Any CPU.Build.0 = Debug|Any CPU
		{D78A6B2C-D895-4EDD-963D-63F7E4B8663F}.Release|Any CPU.ActiveCfg = Release|Any CPU
		{D78A6B2C-D895-4EDD-963D-63F7E4B8663F}.Release|Any CPU.Build.0 = Release|Any CPU
	EndGlobalSection
	GlobalSection(SolutionProperties) = preSolution
		HideSolutionNode = FALSE
	EndGlobalSection
	GlobalSection(ExtensibilityGlobals) = postSolution
		SolutionGuid = {63470B17-0335-4E34-AB7A-8043B932E13E}
	EndGlobalSection
EndGlobal
